
Microsoft Visual Studio Solution File, Format Version 12.00
# Visual Studio Version 16
VisualStudioVersion = 16.0.30204.135
MinimumVisualStudioVersion = 10.0.40219.1
Project("{9A19103F-16F7-4668-BE54-9A1E7A4F7556}") = "IELDiscordBot", "IELDiscordBot\IELDiscordBot.csproj", "{406FBC3F-3112-4582-8470-6A93B7E76A82}"
EndProject
Project("{9A19103F-16F7-4668-BE54-9A1E7A4F7556}") = "GoogleSheetsAPIInterface", "GoogleSheetsAPIInterface\GoogleSheetsAPIInterface.csproj", "{29C8A9C6-D11F-4536-B568-12841BCF50B1}"
EndProject
Project("{9A19103F-16F7-4668-BE54-9A1E7A4F7556}") = "Shared", "Shared\Shared.csproj", "{662A38D7-7357-4793-BE38-A89A10C38498}"
EndProject
Project("{9A19103F-16F7-4668-BE54-9A1E7A4F7556}") = "WebAppAPI", "WebAppAPI\WebAppAPI.csproj", "{3A4CAAD0-CDD0-4759-B20E-03F257BC70C8}"
EndProject
Global
	GlobalSection(SolutionConfigurationPlatforms) = preSolution
		Debug|Any CPU = Debug|Any CPU
		Release|Any CPU = Release|Any CPU
	EndGlobalSection
	GlobalSection(ProjectConfigurationPlatforms) = postSolution
		{406FBC3F-3112-4582-8470-6A93B7E76A82}.Debug|Any CPU.ActiveCfg = Debug|Any CPU
		{406FBC3F-3112-4582-8470-6A93B7E76A82}.Debug|Any CPU.Build.0 = Debug|Any CPU
		{406FBC3F-3112-4582-8470-6A93B7E76A82}.Release|Any CPU.ActiveCfg = Release|Any CPU
		{406FBC3F-3112-4582-8470-6A93B7E76A82}.Release|Any CPU.Build.0 = Release|Any CPU
		{29C8A9C6-D11F-4536-B568-12841BCF50B1}.Debug|Any CPU.ActiveCfg = Debug|Any CPU
		{29C8A9C6-D11F-4536-B568-12841BCF50B1}.Debug|Any CPU.Build.0 = Debug|Any CPU
		{29C8A9C6-D11F-4536-B568-12841BCF50B1}.Release|Any CPU.ActiveCfg = Release|Any CPU
		{29C8A9C6-D11F-4536-B568-12841BCF50B1}.Release|Any CPU.Build.0 = Release|Any CPU
		{662A38D7-7357-4793-BE38-A89A10C38498}.Debug|Any CPU.ActiveCfg = Debug|Any CPU
		{662A38D7-7357-4793-BE38-A89A10C38498}.Debug|Any CPU.Build.0 = Debug|Any CPU
		{662A38D7-7357-4793-BE38-A89A10C38498}.Release|Any CPU.ActiveCfg = Release|Any CPU
		{662A38D7-7357-4793-BE38-A89A10C38498}.Release|Any CPU.Build.0 = Release|Any CPU
		{3A4CAAD0-CDD0-4759-B20E-03F257BC70C8}.Debug|Any CPU.ActiveCfg = Debug|Any CPU
		{3A4CAAD0-CDD0-4759-B20E-03F257BC70C8}.Debug|Any CPU.Build.0 = Debug|Any CPU
		{3A4CAAD0-CDD0-4759-B20E-03F257BC70C8}.Release|Any CPU.ActiveCfg = Release|Any CPU
		{3A4CAAD0-CDD0-4759-B20E-03F257BC70C8}.Release|Any CPU.Build.0 = Release|Any CPU
	EndGlobalSection
	GlobalSection(SolutionProperties) = preSolution
		HideSolutionNode = FALSE
	EndGlobalSection
	GlobalSection(ExtensibilityGlobals) = postSolution
		SolutionGuid = {1755F293-A87F-4610-BCDD-3D1B3F741988}
	EndGlobalSection
EndGlobal
